<?xml version="1.0" encoding="utf-8"?>
<Project ToolsVersion="4.0" xmlns="http://schemas.microsoft.com/developer/msbuild/2003">
  <ItemGroup>
    <Filter Include="JLHE">
      <UniqueIdentifier>{68F0867C-5427-880D-FD13-6E10E929040F}</UniqueIdentifier>
    </Filter>
    <Filter Include="JLHE\Events">
      <UniqueIdentifier>{4C178DE7-B8CC-05DD-41C1-FFB3AD75FCE0}</UniqueIdentifier>
    </Filter>
    <Filter Include="JLHE\ImGui">
      <UniqueIdentifier>{9213AC9A-7ECB-EDE7-E7D2-C643D3A988D8}</UniqueIdentifier>
    </Filter>
    <Filter Include="Platform">
      <UniqueIdentifier>{2AC788B4-1694-E3BF-3FAD-D1672BD9184E}</UniqueIdentifier>
    </Filter>
    <Filter Include="Platform\Windows">
      <UniqueIdentifier>{64FBD71A-50F4-F66C-7926-DCF1657ED678}</UniqueIdentifier>
    </Filter>
  </ItemGroup>
  <ItemGroup>
    <ClInclude Include="src\JLHE.h" />
    <ClInclude Include="src\JLHE\Application.h">
      <Filter>JLHE</Filter>
    </ClInclude>
    <ClInclude Include="src\JLHE\Core.h">
      <Filter>JLHE</Filter>
    </ClInclude>
    <ClInclude Include="src\JLHE\EntryPoint.h">
      <Filter>JLHE</Filter>
    </ClInclude>
    <ClInclude Include="src\JLHE\Events\ApplicatonEvent.h">
      <Filter>JLHE\Events</Filter>
    </ClInclude>
    <ClInclude Include="src\JLHE\Events\Event.h">
      <Filter>JLHE\Events</Filter>
    </ClInclude>
    <ClInclude Include="src\JLHE\Events\KeyEvent.h">
      <Filter>JLHE\Events</Filter>
    </ClInclude>
    <ClInclude Include="src\JLHE\Events\MouseEvent.h">
      <Filter>JLHE\Events</Filter>
    </ClInclude>
    <ClInclude Include="src\JLHE\ImGui\ImGuiLayer.h">
      <Filter>JLHE\ImGui</Filter>
    </ClInclude>
    <ClInclude Include="src\JLHE\Layer.h">
      <Filter>JLHE</Filter>
    </ClInclude>
    <ClInclude Include="src\JLHE\LayerStack.h">
      <Filter>JLHE</Filter>
    </ClInclude>
    <ClInclude Include="src\JLHE\Log.h">
      <Filter>JLHE</Filter>
    </ClInclude>
    <ClInclude Include="src\JLHE\Window.h">
      <Filter>JLHE</Filter>
    </ClInclude>
    <ClInclude Include="src\Platform\Windows\WindowsWindow.h">
      <Filter>Platform\Windows</Filter>
    </ClInclude>
    <ClInclude Include="src\jlhepch.h" />
  </ItemGroup>
  <ItemGroup>
    <ClCompile Include="src\JLHE\Application.cpp">
      <Filter>JLHE</Filter>
    </ClCompile>
    <ClCompile Include="src\JLHE\ImGui\ImGuiBuild.cpp">
      <Filter>JLHE\ImGui</Filter>
    </ClCompile>
    <ClCompile Include="src\JLHE\ImGui\ImGuiLayer.cpp">
      <Filter>JLHE\ImGui</Filter>
    </ClCompile>
    <ClCompile Include="src\JLHE\Layer.cpp">
      <Filter>JLHE</Filter>
    </ClCompile>
    <ClCompile Include="src\JLHE\LayerStack.cpp">
      <Filter>JLHE</Filter>
    </ClCompile>
    <ClCompile Include="src\JLHE\Log.cpp">
      <Filter>JLHE</Filter>
    </ClCompile>
    <ClCompile Include="src\Platform\Windows\WindowsWindow.cpp">
      <Filter>Platform\Windows</Filter>
    </ClCompile>
    <ClCompile Include="src\jlhepch.cpp" />
  </ItemGroup>
</Project>